
Microsoft Visual Studio Solution File, Format Version 12.00
# Visual Studio 15
VisualStudioVersion = 15.0.26730.8
MinimumVisualStudioVersion = 10.0.40219.1
Project("{9A19103F-16F7-4668-BE54-9A1E7A4F7556}") = "ExcelWithEpplusCore", "ExcelWithEpplusCore\ExcelWithEpplusCore.csproj", "{4C5B11C2-84DC-4618-B5C5-C333563FD54F}"
EndProject
Project("{9A19103F-16F7-4668-BE54-9A1E7A4F7556}") = "ExcelWithEpplusCore452", "ExcelWithEpplusCore452\ExcelWithEpplusCore452.csproj", "{0AB2D514-BDD4-424D-A186-2B249ADF6F67}"
EndProject
Project("{FAE04EC0-301F-11D3-BF4B-00C04F79EFBC}") = "ExcelTest", "ExcelTest\ExcelTest.csproj", "{FF8D26B8-17C9-4881-8C1A-5BB3FC71F315}"
EndProject
Global
	GlobalSection(SolutionConfigurationPlatforms) = preSolution
		Debug|Any CPU = Debug|Any CPU
		Release|Any CPU = Release|Any CPU
	EndGlobalSection
	GlobalSection(ProjectConfigurationPlatforms) = postSolution
		{4C5B11C2-84DC-4618-B5C5-C333563FD54F}.Debug|Any CPU.ActiveCfg = Debug|Any CPU
		{4C5B11C2-84DC-4618-B5C5-C333563FD54F}.Debug|Any CPU.Build.0 = Debug|Any CPU
		{4C5B11C2-84DC-4618-B5C5-C333563FD54F}.Release|Any CPU.ActiveCfg = Release|Any CPU
		{4C5B11C2-84DC-4618-B5C5-C333563FD54F}.Release|Any CPU.Build.0 = Release|Any CPU
		{0AB2D514-BDD4-424D-A186-2B249ADF6F67}.Debug|Any CPU.ActiveCfg = Debug|Any CPU
		{0AB2D514-BDD4-424D-A186-2B249ADF6F67}.Debug|Any CPU.Build.0 = Debug|Any CPU
		{0AB2D514-BDD4-424D-A186-2B249ADF6F67}.Release|Any CPU.ActiveCfg = Release|Any CPU
		{0AB2D514-BDD4-424D-A186-2B249ADF6F67}.Release|Any CPU.Build.0 = Release|Any CPU
		{FF8D26B8-17C9-4881-8C1A-5BB3FC71F315}.Debug|Any CPU.ActiveCfg = Debug|Any CPU
		{FF8D26B8-17C9-4881-8C1A-5BB3FC71F315}.Debug|Any CPU.Build.0 = Debug|Any CPU
		{FF8D26B8-17C9-4881-8C1A-5BB3FC71F315}.Release|Any CPU.ActiveCfg = Release|Any CPU
		{FF8D26B8-17C9-4881-8C1A-5BB3FC71F315}.Release|Any CPU.Build.0 = Release|Any CPU
	EndGlobalSection
	GlobalSection(SolutionProperties) = preSolution
		HideSolutionNode = FALSE
	EndGlobalSection
	GlobalSection(ExtensibilityGlobals) = postSolution
		SolutionGuid = {16F1B29D-FCBC-4C52-806F-8DD057F76ACA}
	EndGlobalSection
EndGlobal
